
Microsoft Visual Studio Solution File, Format Version 12.00
# Visual Studio Version 17
VisualStudioVersion = 17.9.34622.214
MinimumVisualStudioVersion = 10.0.40219.1
Project("{888888A0-9F3D-457C-B088-3A5042F75D52}") = "lesson 2", "lesson 2\lesson 2.pyproj", "{F16ED2C7-AF5D-453D-86A2-46B88A06E6ED}"
EndProject
Global
	GlobalSection(SolutionConfigurationPlatforms) = preSolution
		Debug|Any CPU = Debug|Any CPU
		Release|Any CPU = Release|Any CPU
	EndGlobalSection
	GlobalSection(ProjectConfigurationPlatforms) = postSolution
		{F16ED2C7-AF5D-453D-86A2-46B88A06E6ED}.Debug|Any CPU.ActiveCfg = Debug|Any CPU
		{F16ED2C7-AF5D-453D-86A2-46B88A06E6ED}.Release|Any CPU.ActiveCfg = Release|Any CPU
	EndGlobalSection
	GlobalSection(SolutionProperties) = preSolution
		HideSolutionNode = FALSE
	EndGlobalSection
	GlobalSection(ExtensibilityGlobals) = postSolution
		SolutionGuid = {5C95074B-EF6D-4099-BE62-8B40211659FB}
	EndGlobalSection
EndGlobal
