
Microsoft Visual Studio Solution File, Format Version 12.00
# Visual Studio Version 17
VisualStudioVersion = 17.9.34622.214
MinimumVisualStudioVersion = 10.0.40219.1
Project("{FAE04EC0-301F-11D3-BF4B-00C04F79EFBC}") = "2.5.24", "2.5.24\2.5.24.csproj", "{35CC1C9B-7943-41E0-9FB3-9CDB0442AE98}"
EndProject
Global
	GlobalSection(SolutionConfigurationPlatforms) = preSolution
		Debug|Any CPU = Debug|Any CPU
		Release|Any CPU = Release|Any CPU
	EndGlobalSection
	GlobalSection(ProjectConfigurationPlatforms) = postSolution
		{35CC1C9B-7943-41E0-9FB3-9CDB0442AE98}.Debug|Any CPU.ActiveCfg = Debug|Any CPU
		{35CC1C9B-7943-41E0-9FB3-9CDB0442AE98}.Debug|Any CPU.Build.0 = Debug|Any CPU
		{35CC1C9B-7943-41E0-9FB3-9CDB0442AE98}.Release|Any CPU.ActiveCfg = Release|Any CPU
		{35CC1C9B-7943-41E0-9FB3-9CDB0442AE98}.Release|Any CPU.Build.0 = Release|Any CPU
	EndGlobalSection
	GlobalSection(SolutionProperties) = preSolution
		HideSolutionNode = FALSE
	EndGlobalSection
	GlobalSection(ExtensibilityGlobals) = postSolution
		SolutionGuid = {761F5B71-8422-4FD3-AFA2-6E73C04EF236}
	EndGlobalSection
EndGlobal
